
Microsoft Visual Studio Solution File, Format Version 12.00
# Visual Studio Version 17
VisualStudioVersion = 17.5.002.0
MinimumVisualStudioVersion = 10.0.40219.1
Project("{9A19103F-16F7-4668-BE54-9A1E7A4F7556}") = "app", "app.csproj", "{CAFC41E1-83C9-4067-B9B5-74FD5A195F5F}"
EndProject
Global
	GlobalSection(SolutionConfigurationPlatforms) = preSolution
		Debug|Any CPU = Debug|Any CPU
		Release|Any CPU = Release|Any CPU
	EndGlobalSection
	GlobalSection(ProjectConfigurationPlatforms) = postSolution
		{CAFC41E1-83C9-4067-B9B5-74FD5A195F5F}.Debug|Any CPU.ActiveCfg = Debug|Any CPU
		{CAFC41E1-83C9-4067-B9B5-74FD5A195F5F}.Debug|Any CPU.Build.0 = Debug|Any CPU
		{CAFC41E1-83C9-4067-B9B5-74FD5A195F5F}.Release|Any CPU.ActiveCfg = Release|Any CPU
		{CAFC41E1-83C9-4067-B9B5-74FD5A195F5F}.Release|Any CPU.Build.0 = Release|Any CPU
	EndGlobalSection
	GlobalSection(SolutionProperties) = preSolution
		HideSolutionNode = FALSE
	EndGlobalSection
	GlobalSection(ExtensibilityGlobals) = postSolution
		SolutionGuid = {1479A826-C650-4D18-A73C-A1D3FC12D9FB}
	EndGlobalSection
EndGlobal
